
Microsoft Visual Studio Solution File, Format Version 12.00
# Visual Studio 15
VisualStudioVersion = 15.0.27130.2027
MinimumVisualStudioVersion = 10.0.40219.1
Project("{FAE04EC0-301F-11D3-BF4B-00C04F79EFBC}") = "RemovingDuplicates", "RemovingDuplicates\RemovingDuplicates.csproj", "{543E56F1-521E-49FB-9410-5FE3B138C61D}"
EndProject
Global
	GlobalSection(SolutionConfigurationPlatforms) = preSolution
		Debug|Any CPU = Debug|Any CPU
		Release|Any CPU = Release|Any CPU
	EndGlobalSection
	GlobalSection(ProjectConfigurationPlatforms) = postSolution
		{543E56F1-521E-49FB-9410-5FE3B138C61D}.Debug|Any CPU.ActiveCfg = Debug|Any CPU
		{543E56F1-521E-49FB-9410-5FE3B138C61D}.Debug|Any CPU.Build.0 = Debug|Any CPU
		{543E56F1-521E-49FB-9410-5FE3B138C61D}.Release|Any CPU.ActiveCfg = Release|Any CPU
		{543E56F1-521E-49FB-9410-5FE3B138C61D}.Release|Any CPU.Build.0 = Release|Any CPU
	EndGlobalSection
	GlobalSection(SolutionProperties) = preSolution
		HideSolutionNode = FALSE
	EndGlobalSection
	GlobalSection(ExtensibilityGlobals) = postSolution
		SolutionGuid = {20A3A7E9-D1B8-408C-928F-4A57DD6B504E}
	EndGlobalSection
EndGlobal
